
Microsoft Visual Studio Solution File, Format Version 12.00
# Visual Studio 2013
VisualStudioVersion = 12.0.21005.1
MinimumVisualStudioVersion = 10.0.40219.1
Project("{FAE04EC0-301F-11D3-BF4B-00C04F79EFBC}") = "Neo4jClient.Sample", "ConsoleApplication1\Neo4jClient.Sample.csproj", "{71F1E389-23E2-4AB0-B828-66D6BE794AE8}"
EndProject
Project("{FAE04EC0-301F-11D3-BF4B-00C04F79EFBC}") = "Neo4j.CSharpSample.BootStrapper", "Neo4j.CSharpSample.BootStrapper\Neo4j.CSharpSample.BootStrapper.csproj", "{9237D20C-8349-40F8-8010-9485588B1CC2}"
EndProject
Project("{FAE04EC0-301F-11D3-BF4B-00C04F79EFBC}") = "Neo4j.CSharpSample.Domain", "Neo4j.CSharpSample.Domain\Neo4j.CSharpSample.Domain.csproj", "{28F350CF-32F3-413C-A1BD-0291E628D204}"
EndProject
Project("{FAE04EC0-301F-11D3-BF4B-00C04F79EFBC}") = "Neo4j.CSharpSample.Domain.Repository", "Neo4j.CSharpSample.Domain.Repository\Neo4j.CSharpSample.Domain.Repository.csproj", "{8B221036-0CD9-4536-A4CB-B3E403658509}"
EndProject
Global
	GlobalSection(SolutionConfigurationPlatforms) = preSolution
		Debug|Any CPU = Debug|Any CPU
		Release|Any CPU = Release|Any CPU
	EndGlobalSection
	GlobalSection(ProjectConfigurationPlatforms) = postSolution
		{71F1E389-23E2-4AB0-B828-66D6BE794AE8}.Debug|Any CPU.ActiveCfg = Debug|Any CPU
		{71F1E389-23E2-4AB0-B828-66D6BE794AE8}.Debug|Any CPU.Build.0 = Debug|Any CPU
		{71F1E389-23E2-4AB0-B828-66D6BE794AE8}.Release|Any CPU.ActiveCfg = Release|Any CPU
		{71F1E389-23E2-4AB0-B828-66D6BE794AE8}.Release|Any CPU.Build.0 = Release|Any CPU
		{9237D20C-8349-40F8-8010-9485588B1CC2}.Debug|Any CPU.ActiveCfg = Debug|Any CPU
		{9237D20C-8349-40F8-8010-9485588B1CC2}.Debug|Any CPU.Build.0 = Debug|Any CPU
		{9237D20C-8349-40F8-8010-9485588B1CC2}.Release|Any CPU.ActiveCfg = Release|Any CPU
		{9237D20C-8349-40F8-8010-9485588B1CC2}.Release|Any CPU.Build.0 = Release|Any CPU
		{28F350CF-32F3-413C-A1BD-0291E628D204}.Debug|Any CPU.ActiveCfg = Debug|Any CPU
		{28F350CF-32F3-413C-A1BD-0291E628D204}.Debug|Any CPU.Build.0 = Debug|Any CPU
		{28F350CF-32F3-413C-A1BD-0291E628D204}.Release|Any CPU.ActiveCfg = Release|Any CPU
		{28F350CF-32F3-413C-A1BD-0291E628D204}.Release|Any CPU.Build.0 = Release|Any CPU
		{8B221036-0CD9-4536-A4CB-B3E403658509}.Debug|Any CPU.ActiveCfg = Debug|Any CPU
		{8B221036-0CD9-4536-A4CB-B3E403658509}.Debug|Any CPU.Build.0 = Debug|Any CPU
		{8B221036-0CD9-4536-A4CB-B3E403658509}.Release|Any CPU.ActiveCfg = Release|Any CPU
		{8B221036-0CD9-4536-A4CB-B3E403658509}.Release|Any CPU.Build.0 = Release|Any CPU
	EndGlobalSection
	GlobalSection(SolutionProperties) = preSolution
		HideSolutionNode = FALSE
	EndGlobalSection
EndGlobal
